
Microsoft Visual Studio Solution File, Format Version 12.00
# Visual Studio 15
VisualStudioVersion = 15.0.28307.757
MinimumVisualStudioVersion = 10.0.40219.1
Project("{FAE04EC0-301F-11D3-BF4B-00C04F79EFBC}") = "RenappoCertificacion", "RenappoCertificacion\RenappoCertificacion.csproj", "{0BFA23CA-6223-476F-BB98-1B580990EB5A}"
EndProject
Project("{FAE04EC0-301F-11D3-BF4B-00C04F79EFBC}") = "RenappoCertificacion.Tests", "RenappoCertificacion.Tests\RenappoCertificacion.Tests.csproj", "{10AC18BC-FA36-4294-9895-FAD3D38A9E8B}"
EndProject
Global
	GlobalSection(SolutionConfigurationPlatforms) = preSolution
		Debug|Any CPU = Debug|Any CPU
		Release|Any CPU = Release|Any CPU
	EndGlobalSection
	GlobalSection(ProjectConfigurationPlatforms) = postSolution
		{0BFA23CA-6223-476F-BB98-1B580990EB5A}.Debug|Any CPU.ActiveCfg = Debug|Any CPU
		{0BFA23CA-6223-476F-BB98-1B580990EB5A}.Debug|Any CPU.Build.0 = Debug|Any CPU
		{0BFA23CA-6223-476F-BB98-1B580990EB5A}.Release|Any CPU.ActiveCfg = Release|Any CPU
		{0BFA23CA-6223-476F-BB98-1B580990EB5A}.Release|Any CPU.Build.0 = Release|Any CPU
		{10AC18BC-FA36-4294-9895-FAD3D38A9E8B}.Debug|Any CPU.ActiveCfg = Debug|Any CPU
		{10AC18BC-FA36-4294-9895-FAD3D38A9E8B}.Debug|Any CPU.Build.0 = Debug|Any CPU
		{10AC18BC-FA36-4294-9895-FAD3D38A9E8B}.Release|Any CPU.ActiveCfg = Release|Any CPU
		{10AC18BC-FA36-4294-9895-FAD3D38A9E8B}.Release|Any CPU.Build.0 = Release|Any CPU
	EndGlobalSection
	GlobalSection(SolutionProperties) = preSolution
		HideSolutionNode = FALSE
	EndGlobalSection
	GlobalSection(ExtensibilityGlobals) = postSolution
		SolutionGuid = {2EE7B9CA-5DDF-4094-985B-9909C40BA066}
	EndGlobalSection
EndGlobal
